// !$*UTF8*$!
{
	archiveVersion = 1;
	classes = {
	};
	objectVersion = 77;
	objects = {

/* Begin PBXBuildFile section */
		021C7C95B5448444F32D18DE /* PermissionManager.swift in Sources */ = {isa = PBXBuildFile; fileRef = 58D4E4FAF38BEE6BA4059CC0 /* PermissionManager.swift */; };
		17767D4C8FEB444D6CF6C7A9 /* DeviceManager.swift in Sources */ = {isa = PBXBuildFile; fileRef = D57C3D4217CDDD20951B0DBE /* DeviceManager.swift */; };
		23EBEAFB50027197D96C622C /* AudioDevice.swift in Sources */ = {isa = PBXBuildFile; fileRef = C0148A534F1B8EBE8AC82E72 /* AudioDevice.swift */; };
		3CB4DDB02E78F7D7008C5555 /* TypelessApp.swift in Sources */ = {isa = PBXBuildFile; fileRef = 3CB4DDAF2E78F7D7008C5555 /* TypelessApp.swift */; };
		3CB4DDB22E78F7D7008C5555 /* MainView.swift in Sources */ = {isa = PBXBuildFile; fileRef = 3CB4DDB12E78F7D7008C5555 /* MainView.swift */; };
		3CB4DDB42E78F7D7008C5555 /* SettingsView.swift in Sources */ = {isa = PBXBuildFile; fileRef = 3CB4DDB32E78F7D7008C5555 /* SettingsView.swift */; };
		3CB4DDB62E78F7D7008C5555 /* TutorialView.swift in Sources */ = {isa = PBXBuildFile; fileRef = 3CB4DDB52E78F7D7008C5555 /* TutorialView.swift */; };
		3CB4DDBA2E78F7D7008C5555 /* MenuBarController.swift in Sources */ = {isa = PBXBuildFile; fileRef = 3CB4DDB92E78F7D7008C5555 /* MenuBarController.swift */; };
		3CB4DDBC2E78F7D7008C5555 /* KeyboardShortcutManager.swift in Sources */ = {isa = PBXBuildFile; fileRef = 3CB4DDBB2E78F7D7008C5555 /* KeyboardShortcutManager.swift */; };
		3CB4DDC02E78F7D9008C5555 /* Assets.xcassets in Resources */ = {isa = PBXBuildFile; fileRef = 3CB4DDBF2E78F7D9008C5555 /* Assets.xcassets */; };
		3CB4DDC32E78F7D9008C5555 /* InfoPlist.strings in Resources */ = {isa = PBXBuildFile; fileRef = 3CB4DDC12E78F7D9008C5555 /* InfoPlist.strings */; };
		3CB4DDC62E78F7D9008C5555 /* Localizable.strings in Resources */ = {isa = PBXBuildFile; fileRef = 3CB4DDC42E78F7D9008C5555 /* Localizable.strings */; };
		3CB4DDD22E78F7DA008C5555 /* WhisperKit in Frameworks */ = {isa = PBXBuildFile; productRef = 3CB4DDD32E78F7DA008C5555 /* WhisperKit */; };
		64356B157414D8D24CA72AD7 /* AudioTranscriber.swift in Sources */ = {isa = PBXBuildFile; fileRef = 3C4BA8B84B0C4774484E48DE /* AudioTranscriber.swift */; };
		6FB78750F895BD7BDEA2EED9 /* ModelManager.swift in Sources */ = {isa = PBXBuildFile; fileRef = 7DACFCF784C62E30ADFA244E /* ModelManager.swift */; };
		85A87219FE5A931F4A28BDB7 /* TranscriptionService.swift in Sources */ = {isa = PBXBuildFile; fileRef = EB330C76DCBA28546EB48F5F /* TranscriptionService.swift */; };
		8C62E64A2775F22F6DAFFB66 /* RecordingEntry.swift in Sources */ = {isa = PBXBuildFile; fileRef = FDE27899BE634CA6975E6040 /* RecordingEntry.swift */; };
		93FA4D78F710434798E7789A /* TranscriptionOverlayManager.swift in Sources */ = {isa = PBXBuildFile; fileRef = 010D61025A6201FD9B14D365 /* TranscriptionOverlayManager.swift */; };
		BC1008F31F28042C429CE07A /* TypelessError.swift in Sources */ = {isa = PBXBuildFile; fileRef = DCAF5DFFC2948889983F7D23 /* TypelessError.swift */; };
		D4615AC1069F4843EF14AE3E /* AudioRecorder.swift in Sources */ = {isa = PBXBuildFile; fileRef = CA5B5FDC4B40B1F39E856CB2 /* AudioRecorder.swift */; };
		9d581fdad4a84fd5a9e466c6 /* Notifications.swift in Sources */ = {isa = PBXBuildFile; fileRef = 8ef7306a6c6f45f9b73218ba /* Notifications.swift */; };
		fec87f7bfbee40febe8065a8 /* ErrorBannerView.swift in Sources */ = {isa = PBXBuildFile; fileRef = 7ac3f837c77445a7a167244d /* ErrorBannerView.swift */; };
		7f922538c9684ca2aaea9384 /* WaveformView.swift in Sources */ = {isa = PBXBuildFile; fileRef = 25b0a21868134c2687bafbea /* WaveformView.swift */; };
		a896ac41a10842089702986c /* RecordingButtonView.swift in Sources */ = {isa = PBXBuildFile; fileRef = 22772c1a71524f53bb9a2c5d /* RecordingButtonView.swift */; };
		de638afbead042d1aa943f6d /* TranscriptionCardView.swift in Sources */ = {isa = PBXBuildFile; fileRef = e220043ec93348b78ba13e29 /* TranscriptionCardView.swift */; };
		c8d06730f9fb4d399ee49984 /* StateViews.swift in Sources */ = {isa = PBXBuildFile; fileRef = dc25a03f238e4365b72e2827 /* StateViews.swift */; };
		450a46de45b3490696ec18da /* MainContentContainer.swift in Sources */ = {isa = PBXBuildFile; fileRef = b17b730806d442e2ab8ae529 /* MainContentContainer.swift */; };
		dbee66b3296c478fbc7d4913 /* TypelessTests.swift in Sources */ = {isa = PBXBuildFile; fileRef = a2d4311a32e34dc0b4c8f1e0 /* TypelessTests.swift */; };
		baf93e852b7e49d6bc3e3038 /* AppConstantsTests.swift in Sources */ = {isa = PBXBuildFile; fileRef = 4ff43c2f7f1f4916847a45c6 /* AppConstantsTests.swift */; };
		37b30db0ebf045b5ad50015b /* ModelTests.swift in Sources */ = {isa = PBXBuildFile; fileRef = d332233830324864aacb0062 /* ModelTests.swift */; };
		3c4fe47c09bc4566bb3f46a3 /* NotificationNameTests.swift in Sources */ = {isa = PBXBuildFile; fileRef = 9401b3242c31483696e833e2 /* NotificationNameTests.swift */; };
/* End PBXBuildFile section */

/* Begin PBXFileReference section */
		010D61025A6201FD9B14D365 /* TranscriptionOverlayManager.swift */ = {isa = PBXFileReference; includeInIndex = 1; lastKnownFileType = sourcecode.swift; name = TranscriptionOverlayManager.swift; path = Services/TranscriptionOverlayManager.swift; sourceTree = "<group>"; };
		3C4BA8B84B0C4774484E48DE /* AudioTranscriber.swift */ = {isa = PBXFileReference; includeInIndex = 1; lastKnownFileType = sourcecode.swift; name = AudioTranscriber.swift; path = ViewModels/AudioTranscriber.swift; sourceTree = "<group>"; };
		3CB4DDAC2E78F7D7008C5555 /* Typeless.app */ = {isa = PBXFileReference; explicitFileType = wrapper.application; includeInIndex = 0; path = Typeless.app; sourceTree = BUILT_PRODUCTS_DIR; };
		3CB4DDAF2E78F7D7008C5555 /* TypelessApp.swift */ = {isa = PBXFileReference; lastKnownFileType = sourcecode.swift; path = TypelessApp.swift; sourceTree = "<group>"; };
		3CB4DDB12E78F7D7008C5555 /* MainView.swift */ = {isa = PBXFileReference; lastKnownFileType = sourcecode.swift; path = MainView.swift; sourceTree = "<group>"; };
		3CB4DDB32E78F7D7008C5555 /* SettingsView.swift */ = {isa = PBXFileReference; lastKnownFileType = sourcecode.swift; path = SettingsView.swift; sourceTree = "<group>"; };
		3CB4DDB52E78F7D7008C5555 /* TutorialView.swift */ = {isa = PBXFileReference; lastKnownFileType = sourcecode.swift; path = TutorialView.swift; sourceTree = "<group>"; };
		3CB4DDB92E78F7D7008C5555 /* MenuBarController.swift */ = {isa = PBXFileReference; lastKnownFileType = sourcecode.swift; path = MenuBarController.swift; sourceTree = "<group>"; };
		3CB4DDBB2E78F7D7008C5555 /* KeyboardShortcutManager.swift */ = {isa = PBXFileReference; lastKnownFileType = sourcecode.swift; path = KeyboardShortcutManager.swift; sourceTree = "<group>"; };
		3CB4DDBF2E78F7D9008C5555 /* Assets.xcassets */ = {isa = PBXFileReference; lastKnownFileType = folder.assetcatalog; path = Assets.xcassets; sourceTree = "<group>"; };
		3CB4DDC22E78F7D9008C5555 /* Info.plist */ = {isa = PBXFileReference; fileEncoding = 4; lastKnownFileType = text.plist.xml; path = Info.plist; sourceTree = "<group>"; };
		3CB4DDC52E78F7D9008C5555 /* en */ = {isa = PBXFileReference; lastKnownFileType = text.plist.strings; name = en; path = en.lproj/InfoPlist.strings; sourceTree = "<group>"; };
		3CB4DDC72E78F7D9008C5555 /* en */ = {isa = PBXFileReference; lastKnownFileType = text.plist.strings; name = en; path = en.lproj/Localizable.strings; sourceTree = "<group>"; };
		3CB4DDC82E78F7D9008C5555 /* zh-Hans */ = {isa = PBXFileReference; lastKnownFileType = text.plist.strings; name = "zh-Hans"; path = "zh-Hans.lproj/InfoPlist.strings"; sourceTree = "<group>"; };
		3CB4DDC92E78F7D9008C5555 /* zh-Hans */ = {isa = PBXFileReference; lastKnownFileType = text.plist.strings; name = "zh-Hans"; path = "zh-Hans.lproj/Localizable.strings"; sourceTree = "<group>"; };
		3CB4DDCA2E78F7D9008C5555 /* zh-Hant */ = {isa = PBXFileReference; lastKnownFileType = text.plist.strings; name = "zh-Hant"; path = "zh-Hant.lproj/InfoPlist.strings"; sourceTree = "<group>"; };
		3CB4DDCB2E78F7D9008C5555 /* zh-Hant */ = {isa = PBXFileReference; lastKnownFileType = text.plist.strings; name = "zh-Hant"; path = "zh-Hant.lproj/Localizable.strings"; sourceTree = "<group>"; };
		3CB4DDCC2E78F7D9008C5555 /* Typeless.entitlements */ = {isa = PBXFileReference; lastKnownFileType = text.plist.entitlements; path = Typeless.entitlements; sourceTree = "<group>"; };
		58D4E4FAF38BEE6BA4059CC0 /* PermissionManager.swift */ = {isa = PBXFileReference; includeInIndex = 1; lastKnownFileType = sourcecode.swift; name = PermissionManager.swift; path = Services/PermissionManager.swift; sourceTree = "<group>"; };
		7DACFCF784C62E30ADFA244E /* ModelManager.swift */ = {isa = PBXFileReference; includeInIndex = 1; lastKnownFileType = sourcecode.swift; name = ModelManager.swift; path = Services/ModelManager.swift; sourceTree = "<group>"; };
		C0148A534F1B8EBE8AC82E72 /* AudioDevice.swift */ = {isa = PBXFileReference; includeInIndex = 1; lastKnownFileType = sourcecode.swift; name = AudioDevice.swift; path = Models/AudioDevice.swift; sourceTree = "<group>"; };
		CA5B5FDC4B40B1F39E856CB2 /* AudioRecorder.swift */ = {isa = PBXFileReference; includeInIndex = 1; lastKnownFileType = sourcecode.swift; name = AudioRecorder.swift; path = Services/AudioRecorder.swift; sourceTree = "<group>"; };
		D57C3D4217CDDD20951B0DBE /* DeviceManager.swift */ = {isa = PBXFileReference; includeInIndex = 1; lastKnownFileType = sourcecode.swift; name = DeviceManager.swift; path = Services/DeviceManager.swift; sourceTree = "<group>"; };
		DCAF5DFFC2948889983F7D23 /* TypelessError.swift */ = {isa = PBXFileReference; includeInIndex = 1; lastKnownFileType = sourcecode.swift; name = TypelessError.swift; path = Models/TypelessError.swift; sourceTree = "<group>"; };
		EB330C76DCBA28546EB48F5F /* TranscriptionService.swift */ = {isa = PBXFileReference; includeInIndex = 1; lastKnownFileType = sourcecode.swift; name = TranscriptionService.swift; path = Services/TranscriptionService.swift; sourceTree = "<group>"; };
		FDE27899BE634CA6975E6040 /* RecordingEntry.swift */ = {isa = PBXFileReference; includeInIndex = 1; lastKnownFileType = sourcecode.swift; name = RecordingEntry.swift; path = Models/RecordingEntry.swift; sourceTree = "<group>"; };
		8ef7306a6c6f45f9b73218ba /* Notifications.swift */ = {isa = PBXFileReference; includeInIndex = 1; lastKnownFileType = sourcecode.swift; name = Notifications.swift; path = Extensions/Notifications.swift; sourceTree = "<group>"; };
		7ac3f837c77445a7a167244d /* ErrorBannerView.swift */ = {isa = PBXFileReference; includeInIndex = 1; lastKnownFileType = sourcecode.swift; path = Views/ErrorBannerView.swift; sourceTree = "<group>"; };
		25b0a21868134c2687bafbea /* WaveformView.swift */ = {isa = PBXFileReference; includeInIndex = 1; lastKnownFileType = sourcecode.swift; path = Views/WaveformView.swift; sourceTree = "<group>"; };
		22772c1a71524f53bb9a2c5d /* RecordingButtonView.swift */ = {isa = PBXFileReference; includeInIndex = 1; lastKnownFileType = sourcecode.swift; path = Views/RecordingButtonView.swift; sourceTree = "<group>"; };
		e220043ec93348b78ba13e29 /* TranscriptionCardView.swift */ = {isa = PBXFileReference; includeInIndex = 1; lastKnownFileType = sourcecode.swift; path = Views/TranscriptionCardView.swift; sourceTree = "<group>"; };
		dc25a03f238e4365b72e2827 /* StateViews.swift */ = {isa = PBXFileReference; includeInIndex = 1; lastKnownFileType = sourcecode.swift; path = Views/StateViews.swift; sourceTree = "<group>"; };
		b17b730806d442e2ab8ae529 /* MainContentContainer.swift */ = {isa = PBXFileReference; includeInIndex = 1; lastKnownFileType = sourcecode.swift; path = Views/MainContentContainer.swift; sourceTree = "<group>"; };
		a2d4311a32e34dc0b4c8f1e0 /* TypelessTests.swift */ = {isa = PBXFileReference; includeInIndex = 1; lastKnownFileType = sourcecode.swift; path = TypelessTests.swift; sourceTree = "<group>"; };
		4ff43c2f7f1f4916847a45c6 /* AppConstantsTests.swift */ = {isa = PBXFileReference; includeInIndex = 1; lastKnownFileType = sourcecode.swift; path = AppConstantsTests.swift; sourceTree = "<group>"; };
		d332233830324864aacb0062 /* ModelTests.swift */ = {isa = PBXFileReference; includeInIndex = 1; lastKnownFileType = sourcecode.swift; path = ModelTests.swift; sourceTree = "<group>"; };
		9401b3242c31483696e833e2 /* NotificationNameTests.swift */ = {isa = PBXFileReference; includeInIndex = 1; lastKnownFileType = sourcecode.swift; path = NotificationNameTests.swift; sourceTree = "<group>"; };
		147307bfbc3d44b397d7beff /* Info.plist */ = {isa = PBXFileReference; includeInIndex = 1; lastKnownFileType = text.plist.xml; path = Info.plist; sourceTree = "<group>"; };
		0a440e3dfb9842edb76de285 /* TypelessTests.xctest */ = {isa = PBXFileReference; explicitFileType = wrapper.cfbundle; includeInIndex = 0; path = TypelessTests.xctest; sourceTree = BUILT_PRODUCTS_DIR; };
/* End PBXFileReference section */

/* Begin PBXFrameworksBuildPhase section */
		3CB4DDA92E78F7D7008C5555 /* Frameworks */ = {
			isa = PBXFrameworksBuildPhase;
			buildActionMask = 2147483647;
			files = (
				3CB4DDD22E78F7DA008C5555 /* WhisperKit in Frameworks */,
			);
			runOnlyForDeploymentPostprocessing = 0;
		};
/* End PBXFrameworksBuildPhase section */

/* Begin PBXGroup section */
		2CEABA4F92B6260FD98AE07C /* Services */ = {
			isa = PBXGroup;
			children = (
				010D61025A6201FD9B14D365 /* TranscriptionOverlayManager.swift */,
			);
			name = Services;
			sourceTree = "<group>";
		};
		3CB4DDA32E78F7D7008C5555 = {
			isa = PBXGroup;
			children = (
				3CB4DDAE2E78F7D7008C5555 /* Typeless */,
				bca00445a0c54450a88b4268 /* TypelessTests */,
				3CB4DDAD2E78F7D7008C5555 /* Products */,
			);
			sourceTree = "<group>";
		};
		3CB4DDAD2E78F7D7008C5555 /* Products */ = {
			isa = PBXGroup;
			children = (
				3CB4DDAC2E78F7D7008C5555 /* Typeless.app */,
				0a440e3dfb9842edb76de285 /* TypelessTests.xctest */,
			);
			name = Products;
			sourceTree = "<group>";
		};
		3CB4DDAE2E78F7D7008C5555 /* Typeless */ = {
			isa = PBXGroup;
			children = (
				3CB4DDAF2E78F7D7008C5555 /* TypelessApp.swift */,
				3CB4DDB12E78F7D7008C5555 /* MainView.swift */,
				3CB4DDB32E78F7D7008C5555 /* SettingsView.swift */,
				3CB4DDB52E78F7D7008C5555 /* TutorialView.swift */,
				3CB4DDB92E78F7D7008C5555 /* MenuBarController.swift */,
				3CB4DDBB2E78F7D7008C5555 /* KeyboardShortcutManager.swift */,
				3CB4DDBF2E78F7D9008C5555 /* Assets.xcassets */,
				3CB4DDC22E78F7D9008C5555 /* Info.plist */,
				3CB4DDC42E78F7D9008C5555 /* Localizable.strings */,
				3CB4DDCC2E78F7D9008C5555 /* Typeless.entitlements */,
				C0148A534F1B8EBE8AC82E72 /* AudioDevice.swift */,
				FDE27899BE634CA6975E6040 /* RecordingEntry.swift */,
				DCAF5DFFC2948889983F7D23 /* TypelessError.swift */,
				CA5B5FDC4B40B1F39E856CB2 /* AudioRecorder.swift */,
				D57C3D4217CDDD20951B0DBE /* DeviceManager.swift */,
				7DACFCF784C62E30ADFA244E /* ModelManager.swift */,
				58D4E4FAF38BEE6BA4059CC0 /* PermissionManager.swift */,
				EB330C76DCBA28546EB48F5F /* TranscriptionService.swift */,
				2CEABA4F92B6260FD98AE07C /* Services */,
				4096AC198811F0A6F9E599C3 /* ViewModels */,
				A1B2C3D4E5F6A7B8C9D0E1F2 /* Extensions */,
				6bc2941af4a74b9f950c70d4 /* Views */,
			);
			path = Typeless;
			sourceTree = "<group>";
		};
		4096AC198811F0A6F9E599C3 /* ViewModels */ = {
			isa = PBXGroup;
			children = (
				3C4BA8B84B0C4774484E48DE /* AudioTranscriber.swift */,
			);
			name = ViewModels;
			sourceTree = "<group>";
		};
		A1B2C3D4E5F6A7B8C9D0E1F2 /* Extensions */ = {
			isa = PBXGroup;
			children = (
				8ef7306a6c6f45f9b73218ba /* Notifications.swift */,
			);
			name = Extensions;
			sourceTree = "<group>";
		};
		6bc2941af4a74b9f950c70d4 /* Views */ = {
			isa = PBXGroup;
			children = (
				7ac3f837c77445a7a167244d /* ErrorBannerView.swift */,
				25b0a21868134c2687bafbea /* WaveformView.swift */,
				22772c1a71524f53bb9a2c5d /* RecordingButtonView.swift */,
				e220043ec93348b78ba13e29 /* TranscriptionCardView.swift */,
				dc25a03f238e4365b72e2827 /* StateViews.swift */,
				b17b730806d442e2ab8ae529 /* MainContentContainer.swift */,
			);
			name = Views;
			sourceTree = "<group>";
		};
		bca00445a0c54450a88b4268 /* TypelessTests */ = {
			isa = PBXGroup;
			children = (
				a2d4311a32e34dc0b4c8f1e0 /* TypelessTests.swift */,
				4ff43c2f7f1f4916847a45c6 /* AppConstantsTests.swift */,
				d332233830324864aacb0062 /* ModelTests.swift */,
				9401b3242c31483696e833e2 /* NotificationNameTests.swift */,
				147307bfbc3d44b397d7beff /* Info.plist */,
			);
			path = TypelessTests;
			sourceTree = "<group>";
		};
/* End PBXGroup section */

/* Begin PBXNativeTarget section */
		3CB4DDAB2E78F7D7008C5555 /* Typeless */ = {
			isa = PBXNativeTarget;
			buildConfigurationList = 3CB4DDCF2E78F7D9008C5555 /* Build configuration list for PBXNativeTarget "Typeless" */;
			buildPhases = (
				3CB4DDA82E78F7D7008C5555 /* Sources */,
				3CB4DDA92E78F7D7008C5555 /* Frameworks */,
				3CB4DDAA2E78F7D7008C5555 /* Resources */,
			);
			buildRules = (
			);
			dependencies = (
			);
			name = Typeless;
			packageProductDependencies = (
				3CB4DDD32E78F7DA008C5555 /* WhisperKit */,
			);
			productName = Typeless;
			productReference = 3CB4DDAC2E78F7D7008C5555 /* Typeless.app */;
			productType = "com.apple.product-type.application";
		};
		4bdecd2488994443ae5ffc1f /* TypelessTests */ = {
			isa = PBXNativeTarget;
			buildConfigurationList = bebad57609e8482692423960 /* Build configuration list for PBXNativeTarget "TypelessTests" */;
			buildPhases = (
				d51e31c7fd294b608a6741b7 /* Sources */,
				27ace9ae2c244f14b41e7196 /* Frameworks */,
				fe00f1ea1d4d45c682ff6ca2 /* Resources */,
			);
			buildRules = (
			);
			dependencies = (
				a473c332686d4578ad195bfa /* PBXTargetDependency */,
			);
			name = TypelessTests;
			productName = TypelessTests;
			productReference = 0a440e3dfb9842edb76de285 /* TypelessTests.xctest */;
			productType = "com.apple.product-type.bundle.unit-test";
		};
/* End PBXNativeTarget section */

/* Begin PBXProject section */
		3CB4DDA42E78F7D7008C5555 /* Project object */ = {
			isa = PBXProject;
			buildConfigurationList = 3CB4DDA72E78F7D7008C5555 /* Build configuration list for PBXProject "Typeless" */;
			compatibilityVersion = "Xcode 15.0";
			developmentRegion = en;
			hasScannedForEncodings = 0;
			knownRegions = (
				en,
				Base,
				"zh-Hans",
				"zh-Hant",
			);
			mainGroup = 3CB4DDA32E78F7D7008C5555;
			packageReferences = (
				3CB4DDD42E78F7DA008C5555 /* XCRemoteSwiftPackageReference "WhisperKit" */,
			);
			productRefGroup = 3CB4DDAD2E78F7D7008C5555 /* Products */;
			projectDirPath = "";
			projectRoot = "";
			targets = (
				3CB4DDAB2E78F7D7008C5555 /* Typeless */,
				4bdecd2488994443ae5ffc1f /* TypelessTests */,
			);
		};
/* End PBXProject section */

/* Begin PBXResourcesBuildPhase section */
		3CB4DDAA2E78F7D7008C5555 /* Resources */ = {
			isa = PBXResourcesBuildPhase;
			buildActionMask = 2147483647;
			files = (
				3CB4DDC02E78F7D9008C5555 /* Assets.xcassets in Resources */,
				3CB4DDC32E78F7D9008C5555 /* InfoPlist.strings in Resources */,
				3CB4DDC62E78F7D9008C5555 /* Localizable.strings in Resources */,
			);
			runOnlyForDeploymentPostprocessing = 0;
		};
		fe00f1ea1d4d45c682ff6ca2 /* Resources */ = {
			isa = PBXResourcesBuildPhase;
			buildActionMask = 2147483647;
			files = (
			);
			runOnlyForDeploymentPostprocessing = 0;
		};
/* End PBXResourcesBuildPhase section */

/* Begin PBXSourcesBuildPhase section */
		3CB4DDA82E78F7D7008C5555 /* Sources */ = {
			isa = PBXSourcesBuildPhase;
			buildActionMask = 2147483647;
			files = (
				3CB4DDB02E78F7D7008C5555 /* TypelessApp.swift in Sources */,
				3CB4DDB22E78F7D7008C5555 /* MainView.swift in Sources */,
				3CB4DDB42E78F7D7008C5555 /* SettingsView.swift in Sources */,
				3CB4DDB62E78F7D7008C5555 /* TutorialView.swift in Sources */,
				3CB4DDBA2E78F7D7008C5555 /* MenuBarController.swift in Sources */,
				3CB4DDBC2E78F7D7008C5555 /* KeyboardShortcutManager.swift in Sources */,
				30A18DA346E49B60C3264B2A /* AppConstants.swift in Sources */,
				23EBEAFB50027197D96C622C /* AudioDevice.swift in Sources */,
				8C62E64A2775F22F6DAFFB66 /* RecordingEntry.swift in Sources */,
				BC1008F31F28042C429CE07A /* TypelessError.swift in Sources */,
				D4615AC1069F4843EF14AE3E /* AudioRecorder.swift in Sources */,
				17767D4C8FEB444D6CF6C7A9 /* DeviceManager.swift in Sources */,
				6FB78750F895BD7BDEA2EED9 /* ModelManager.swift in Sources */,
				021C7C95B5448444F32D18DE /* PermissionManager.swift in Sources */,
				85A87219FE5A931F4A28BDB7 /* TranscriptionService.swift in Sources */,
				93FA4D78F710434798E7789A /* TranscriptionOverlayManager.swift in Sources */,
				64356B157414D8D24CA72AD7 /* AudioTranscriber.swift in Sources */,
				9d581fdad4a84fd5a9e466c6 /* Notifications.swift in Sources */,
				fec87f7bfbee40febe8065a8 /* ErrorBannerView.swift in Sources */,
				7f922538c9684ca2aaea9384 /* WaveformView.swift in Sources */,
				a896ac41a10842089702986c /* RecordingButtonView.swift in Sources */,
				de638afbead042d1aa943f6d /* TranscriptionCardView.swift in Sources */,
				c8d06730f9fb4d399ee49984 /* StateViews.swift in Sources */,
				450a46de45b3490696ec18da /* MainContentContainer.swift in Sources */,
			);
			runOnlyForDeploymentPostprocessing = 0;
		};
		d51e31c7fd294b608a6741b7 /* Sources */ = {
			isa = PBXSourcesBuildPhase;
			buildActionMask = 2147483647;
			files = (
				dbee66b3296c478fbc7d4913 /* TypelessTests.swift in Sources */,
				baf93e852b7e49d6bc3e3038 /* AppConstantsTests.swift in Sources */,
				37b30db0ebf045b5ad50015b /* ModelTests.swift in Sources */,
				3c4fe47c09bc4566bb3f46a3 /* NotificationNameTests.swift in Sources */,
			);
			runOnlyForDeploymentPostprocessing = 0;
		};
		27ace9ae2c244f14b41e7196 /* Frameworks */ = {
			isa = PBXFrameworksBuildPhase;
			buildActionMask = 2147483647;
			files = (
			);
			runOnlyForDeploymentPostprocessing = 0;
		};
/* End PBXSourcesBuildPhase section */

/* Begin PBXTargetDependency section */
		a473c332686d4578ad195bfa /* PBXTargetDependency */ = {
			isa = PBXTargetDependency;
			target = 3CB4DDAB2E78F7D7008C5555 /* Typeless */;
		};
/* End PBXTargetDependency section */

/* Begin PBXVariantGroup section */
		3CB4DDC12E78F7D9008C5555 /* InfoPlist.strings */ = {
			isa = PBXVariantGroup;
			children = (
				3CB4DDC52E78F7D9008C5555 /* en */,
				3CB4DDC82E78F7D9008C5555 /* zh-Hans */,
				3CB4DDCA2E78F7D9008C5555 /* zh-Hant */,
			);
			name = InfoPlist.strings;
			sourceTree = "<group>";
		};
		3CB4DDC42E78F7D9008C5555 /* Localizable.strings */ = {
			isa = PBXVariantGroup;
			children = (
				3CB4DDC72E78F7D9008C5555 /* en */,
				3CB4DDC92E78F7D9008C5555 /* zh-Hans */,
				3CB4DDCB2E78F7D9008C5555 /* zh-Hant */,
			);
			name = Localizable.strings;
			sourceTree = "<group>";
		};
/* End PBXVariantGroup section */

/* Begin XCBuildConfiguration section */
		3CB4DDCD2E78F7D9008C5555 /* Debug */ = {
			isa = XCBuildConfiguration;
			buildSettings = {
				ALWAYS_SEARCH_USER_PATHS = NO;
				ASSETCATALOG_COMPILER_GENERATE_SWIFT_ASSET_SYMBOL_EXTENSIONS = YES;
				CLANG_ANALYZER_NONNULL = YES;
				CLANG_ANALYZER_NUMBER_OBJECT_CONVERSION = YES_AGGRESSIVE;
				CLANG_CXX_LANGUAGE_STANDARD = "gnu++20";
				CLANG_ENABLE_MODULES = YES;
				CLANG_ENABLE_OBJC_ARC = YES;
				CLANG_ENABLE_OBJC_WEAK = YES;
				CLANG_WARN_BLOCK_CAPTURE_AUTORELEASING = YES;
				CLANG_WARN_BOOL_CONVERSION = YES;
				CLANG_WARN_COMMA = YES;
				CLANG_WARN_CONSTANT_CONVERSION = YES;
				CLANG_WARN_DEPRECATED_OBJC_IMPLEMENTATIONS = YES;
				CLANG_WARN_DIRECT_OBJC_ISA_USAGE = YES_ERROR;
				CLANG_WARN_DOCUMENTATION_COMMENTS = YES;
				CLANG_WARN_EMPTY_BODY = YES;
				CLANG_WARN_ENUM_CONVERSION = YES;
				CLANG_WARN_INFINITE_RECURSION = YES;
				CLANG_WARN_INT_CONVERSION = YES;
				CLANG_WARN_NON_LITERAL_NULL_CONVERSION = YES;
				CLANG_WARN_OBJC_IMPLICIT_RETAIN_SELF = YES;
				CLANG_WARN_OBJC_LITERAL_CONVERSION = YES;
				CLANG_WARN_OBJC_ROOT_CLASS = YES_ERROR;
				CLANG_WARN_QUOTED_INCLUDE_IN_FRAMEWORK_HEADER = YES;
				CLANG_WARN_RANGE_LOOP_ANALYSIS = YES;
				CLANG_WARN_STRICT_PROTOTYPES = YES;
				CLANG_WARN_SUSPICIOUS_MOVE = YES;
				CLANG_WARN_UNGUARDED_AVAILABILITY = YES_AGGRESSIVE;
				CLANG_WARN_UNREACHABLE_CODE = YES;
				CLANG_WARN__DUPLICATE_METHOD_MATCH = YES;
				COPY_PHASE_STRIP = NO;
				DEBUG_INFORMATION_FORMAT = dwarf;
				ENABLE_STRICT_OBJC_MSGSEND = YES;
				ENABLE_TESTABILITY = YES;
				ENABLE_USER_SCRIPT_SANDBOXING = YES;
				GCC_C_LANGUAGE_STANDARD = gnu17;
				GCC_DYNAMIC_NO_PIC = NO;
				GCC_NO_COMMON_BLOCKS = YES;
				GCC_OPTIMIZATION_LEVEL = 0;
				GCC_PREPROCESSOR_DEFINITIONS = (
					"DEBUG=1",
					"$(inherited)",
				);
				GCC_WARN_64_TO_32_BIT_CONVERSION = YES;
				GCC_WARN_ABOUT_RETURN_TYPE = YES_ERROR;
				GCC_WARN_UNDECLARED_SELECTOR = YES;
				GCC_WARN_UNINITIALIZED_AUTOS = YES_AGGRESSIVE;
				GCC_WARN_UNUSED_FUNCTION = YES;
				GCC_WARN_UNUSED_VARIABLE = YES;
				LOCALIZATION_PREFERS_STRING_CATALOGS = YES;
				MACOSX_DEPLOYMENT_TARGET = 15.5;
				MTL_ENABLE_DEBUG_INFO = INCLUDE_SOURCE;
				MTL_FAST_MATH = YES;
				ONLY_ACTIVE_ARCH = YES;
				SDKROOT = macosx;
				SWIFT_ACTIVE_COMPILATION_CONDITIONS = "DEBUG $(inherited)";
				SWIFT_OPTIMIZATION_LEVEL = "-Onone";
			};
			name = Debug;
		};
		3CB4DDCE2E78F7D9008C5555 /* Release */ = {
			isa = XCBuildConfiguration;
			buildSettings = {
				ALWAYS_SEARCH_USER_PATHS = NO;
				ASSETCATALOG_COMPILER_GENERATE_SWIFT_ASSET_SYMBOL_EXTENSIONS = YES;
				CLANG_ANALYZER_NONNULL = YES;
				CLANG_ANALYZER_NUMBER_OBJECT_CONVERSION = YES_AGGRESSIVE;
				CLANG_CXX_LANGUAGE_STANDARD = "gnu++20";
				CLANG_ENABLE_MODULES = YES;
				CLANG_ENABLE_OBJC_ARC = YES;
				CLANG_ENABLE_OBJC_WEAK = YES;
				CLANG_WARN_BLOCK_CAPTURE_AUTORELEASING = YES;
				CLANG_WARN_BOOL_CONVERSION = YES;
				CLANG_WARN_COMMA = YES;
				CLANG_WARN_CONSTANT_CONVERSION = YES;
				CLANG_WARN_DEPRECATED_OBJC_IMPLEMENTATIONS = YES;
				CLANG_WARN_DIRECT_OBJC_ISA_USAGE = YES_ERROR;
				CLANG_WARN_DOCUMENTATION_COMMENTS = YES;
				CLANG_WARN_EMPTY_BODY = YES;
				CLANG_WARN_ENUM_CONVERSION = YES;
				CLANG_WARN_INFINITE_RECURSION = YES;
				CLANG_WARN_INT_CONVERSION = YES;
				CLANG_WARN_NON_LITERAL_NULL_CONVERSION = YES;
				CLANG_WARN_OBJC_IMPLICIT_RETAIN_SELF = YES;
				CLANG_WARN_OBJC_LITERAL_CONVERSION = YES;
				CLANG_WARN_OBJC_ROOT_CLASS = YES_ERROR;
				CLANG_WARN_QUOTED_INCLUDE_IN_FRAMEWORK_HEADER = YES;
				CLANG_WARN_RANGE_LOOP_ANALYSIS = YES;
				CLANG_WARN_STRICT_PROTOTYPES = YES;
				CLANG_WARN_SUSPICIOUS_MOVE = YES;
				CLANG_WARN_UNGUARDED_AVAILABILITY = YES_AGGRESSIVE;
				CLANG_WARN_UNREACHABLE_CODE = YES;
				CLANG_WARN__DUPLICATE_METHOD_MATCH = YES;
				COPY_PHASE_STRIP = NO;
				DEBUG_INFORMATION_FORMAT = "dwarf-with-dsym";
				ENABLE_NS_ASSERTIONS = NO;
				ENABLE_STRICT_OBJC_MSGSEND = YES;
				ENABLE_USER_SCRIPT_SANDBOXING = YES;
				GCC_C_LANGUAGE_STANDARD = gnu17;
				GCC_NO_COMMON_BLOCKS = YES;
				GCC_WARN_64_TO_32_BIT_CONVERSION = YES;
				GCC_WARN_ABOUT_RETURN_TYPE = YES_ERROR;
				GCC_WARN_UNDECLARED_SELECTOR = YES;
				GCC_WARN_UNINITIALIZED_AUTOS = YES_AGGRESSIVE;
				GCC_WARN_UNUSED_FUNCTION = YES;
				GCC_WARN_UNUSED_VARIABLE = YES;
				LOCALIZATION_PREFERS_STRING_CATALOGS = YES;
				MACOSX_DEPLOYMENT_TARGET = 15.5;
				MTL_ENABLE_DEBUG_INFO = NO;
				MTL_FAST_MATH = YES;
				SDKROOT = macosx;
				SWIFT_COMPILATION_MODE = wholemodule;
			};
			name = Release;
		};
		3CB4DDD02E78F7D9008C5555 /* Debug */ = {
			isa = XCBuildConfiguration;
			buildSettings = {
				ASSETCATALOG_COMPILER_APPICON_NAME = AppIcon;
				ASSETCATALOG_COMPILER_GLOBAL_ACCENT_COLOR_NAME = AccentColor;
				CODE_SIGN_ENTITLEMENTS = Typeless/Typeless.entitlements;
				CODE_SIGN_STYLE = Automatic;
				COMBINE_HIDPI_IMAGES = YES;
				CURRENT_PROJECT_VERSION = 1;
				DEVELOPMENT_ASSET_PATHS = "";
				ENABLE_HARDENED_RUNTIME = YES;
				ENABLE_PREVIEWS = YES;
				GENERATE_INFOPLIST_FILE = YES;
				INFOPLIST_FILE = Typeless/Info.plist;
				INFOPLIST_KEY_LSApplicationCategoryType = "public.app-category.productivity";
				INFOPLIST_KEY_NSHumanReadableCopyright = "";
				LD_RUNPATH_SEARCH_PATHS = (
					"$(inherited)",
					"@executable_path/../Frameworks",
				);
				MARKETING_VERSION = 1.0;
				PRODUCT_BUNDLE_IDENTIFIER = com.jaydenlee.Typeless;
				PRODUCT_NAME = "$(TARGET_NAME)";
				SWIFT_EMIT_LOC_STRINGS = YES;
				SWIFT_VERSION = 5.0;
			};
			name = Debug;
		};
		3CB4DDD12E78F7D9008C5555 /* Release */ = {
			isa = XCBuildConfiguration;
			buildSettings = {
				ASSETCATALOG_COMPILER_APPICON_NAME = AppIcon;
				ASSETCATALOG_COMPILER_GLOBAL_ACCENT_COLOR_NAME = AccentColor;
				CODE_SIGN_ENTITLEMENTS = Typeless/Typeless.entitlements;
				CODE_SIGN_STYLE = Automatic;
				COMBINE_HIDPI_IMAGES = YES;
				CURRENT_PROJECT_VERSION = 1;
				DEVELOPMENT_ASSET_PATHS = "";
				ENABLE_HARDENED_RUNTIME = YES;
				ENABLE_PREVIEWS = YES;
				GENERATE_INFOPLIST_FILE = YES;
				INFOPLIST_FILE = Typeless/Info.plist;
				INFOPLIST_KEY_LSApplicationCategoryType = "public.app-category.productivity";
				INFOPLIST_KEY_NSHumanReadableCopyright = "";
				LD_RUNPATH_SEARCH_PATHS = (
					"$(inherited)",
					"@executable_path/../Frameworks",
				);
				MARKETING_VERSION = 1.0;
				PRODUCT_BUNDLE_IDENTIFIER = com.jaydenlee.Typeless;
				PRODUCT_NAME = "$(TARGET_NAME)";
				SWIFT_EMIT_LOC_STRINGS = YES;
				SWIFT_VERSION = 5.0;
			};
			name = Release;
		};
		bf301799e7f5430c9c1a5f06 /* Debug */ = {
			isa = XCBuildConfiguration;
			buildSettings = {
				BUNDLE_LOADER = "$(TEST_HOST)";
				CODE_SIGN_STYLE = Automatic;
				CURRENT_PROJECT_VERSION = 1;
				GENERATE_INFOPLIST_FILE = YES;
				INFOPLIST_FILE = TypelessTests/Info.plist;
				IPHONEOS_DEPLOYMENT_TARGET = 18.0;
				MACOSX_DEPLOYMENT_TARGET = 15.5;
				MARKETING_VERSION = 1.0;
				PRODUCT_BUNDLE_IDENTIFIER = com.jaydenlee.TypelessTests;
				PRODUCT_NAME = "$(TARGET_NAME)";
				SDKROOT = macosx;
				SWIFT_EMIT_LOC_STRINGS = NO;
				SWIFT_VERSION = 5.0;
				TEST_HOST = "$(BUILT_PRODUCTS_DIR)/Typeless.app/Contents/MacOS/Typeless";
			};
			name = Debug;
		};
		a642efa6d6a949e1b3d6f232 /* Release */ = {
			isa = XCBuildConfiguration;
			buildSettings = {
				BUNDLE_LOADER = "$(TEST_HOST)";
				CODE_SIGN_STYLE = Automatic;
				CURRENT_PROJECT_VERSION = 1;
				GENERATE_INFOPLIST_FILE = YES;
				INFOPLIST_FILE = TypelessTests/Info.plist;
				IPHONEOS_DEPLOYMENT_TARGET = 18.0;
				MACOSX_DEPLOYMENT_TARGET = 15.5;
				MARKETING_VERSION = 1.0;
				PRODUCT_BUNDLE_IDENTIFIER = com.jaydenlee.TypelessTests;
				PRODUCT_NAME = "$(TARGET_NAME)";
				SDKROOT = macosx;
				SWIFT_EMIT_LOC_STRINGS = NO;
				SWIFT_VERSION = 5.0;
				TEST_HOST = "$(BUILT_PRODUCTS_DIR)/Typeless.app/Contents/MacOS/Typeless";
			};
			name = Release;
		};
/* End XCBuildConfiguration section */

/* Begin XCConfigurationList section */
		3CB4DDA72E78F7D7008C5555 /* Build configuration list for PBXProject "Typeless" */ = {
			isa = XCConfigurationList;
			buildConfigurations = (
				3CB4DDCD2E78F7D9008C5555 /* Debug */,
				3CB4DDCE2E78F7D9008C5555 /* Release */,
			);
			defaultConfigurationIsVisible = 0;
			defaultConfigurationName = Release;
		};
		3CB4DDCF2E78F7D9008C5555 /* Build configuration list for PBXNativeTarget "Typeless" */ = {
			isa = XCConfigurationList;
			buildConfigurations = (
				3CB4DDD02E78F7D9008C5555 /* Debug */,
				3CB4DDD12E78F7D9008C5555 /* Release */,
			);
			defaultConfigurationIsVisible = 0;
			defaultConfigurationName = Release;
		};
		bebad57609e8482692423960 /* Build configuration list for PBXNativeTarget "TypelessTests" */ = {
			isa = XCConfigurationList;
			buildConfigurations = (
				bf301799e7f5430c9c1a5f06 /* Debug */,
				a642efa6d6a949e1b3d6f232 /* Release */,
			);
			defaultConfigurationIsVisible = 0;
			defaultConfigurationName = Release;
		};
/* End XCConfigurationList section */

/* Begin XCRemoteSwiftPackageReference section */
		3CB4DDD42E78F7DA008C5555 /* XCRemoteSwiftPackageReference "WhisperKit" */ = {
			isa = XCRemoteSwiftPackageReference;
			repositoryURL = "https://github.com/argmaxinc/WhisperKit.git";
			requirement = {
				branch = main;
				kind = branch;
			};
		};
/* End XCRemoteSwiftPackageReference section */

/* Begin XCSwiftPackageProductDependency section */
		3CB4DDD32E78F7DA008C5555 /* WhisperKit */ = {
			isa = XCSwiftPackageProductDependency;
			package = 3CB4DDD42E78F7DA008C5555 /* XCRemoteSwiftPackageReference "WhisperKit" */;
			productName = WhisperKit;
		};
/* End XCSwiftPackageProductDependency section */
	};
	rootObject = 3CB4DDA42E78F7D7008C5555 /* Project object */;
}
